
Microsoft Visual Studio Solution File, Format Version 12.00
# Visual Studio 14
VisualStudioVersion = 14.0.25420.1
MinimumVisualStudioVersion = 10.0.40219.1
Project("{FAE04EC0-301F-11D3-BF4B-00C04F79EFBC}") = "Indimaret.Models", "Indimaret.Models\Indimaret.Models.csproj", "{AF9715E7-EF26-46D3-BC4C-DF3C3E47C73F}"
EndProject
Project("{FAE04EC0-301F-11D3-BF4B-00C04F79EFBC}") = "Indimaret.Repositories", "Indimaret.Repositories\Indimaret.Repositories.csproj", "{86BDBE66-A060-47F7-8795-6A61FEFC5623}"
EndProject
Project("{FAE04EC0-301F-11D3-BF4B-00C04F79EFBC}") = "Indimaret.Services", "Indimaret.Services\Indimaret.Services.csproj", "{78C7693B-E2ED-491C-AD4D-77D74B825F24}"
EndProject
Project("{FAE04EC0-301F-11D3-BF4B-00C04F79EFBC}") = "Indimaret.Web", "Indimaret.Web\Indimaret.Web.csproj", "{4E5F5CD0-5191-419E-96F9-F2C0AFDC72D6}"
EndProject
Project("{FAE04EC0-301F-11D3-BF4B-00C04F79EFBC}") = "Indimaret.ViewModels", "Indimaret.ViewModels\Indimaret.ViewModels.csproj", "{3D8E186C-B37B-48B1-8B61-879FE3AEB3C3}"
EndProject
Global
	GlobalSection(SolutionConfigurationPlatforms) = preSolution
		Debug|Any CPU = Debug|Any CPU
		Release|Any CPU = Release|Any CPU
	EndGlobalSection
	GlobalSection(ProjectConfigurationPlatforms) = postSolution
		{AF9715E7-EF26-46D3-BC4C-DF3C3E47C73F}.Debug|Any CPU.ActiveCfg = Debug|Any CPU
		{AF9715E7-EF26-46D3-BC4C-DF3C3E47C73F}.Debug|Any CPU.Build.0 = Debug|Any CPU
		{AF9715E7-EF26-46D3-BC4C-DF3C3E47C73F}.Release|Any CPU.ActiveCfg = Release|Any CPU
		{AF9715E7-EF26-46D3-BC4C-DF3C3E47C73F}.Release|Any CPU.Build.0 = Release|Any CPU
		{86BDBE66-A060-47F7-8795-6A61FEFC5623}.Debug|Any CPU.ActiveCfg = Debug|Any CPU
		{86BDBE66-A060-47F7-8795-6A61FEFC5623}.Debug|Any CPU.Build.0 = Debug|Any CPU
		{86BDBE66-A060-47F7-8795-6A61FEFC5623}.Release|Any CPU.ActiveCfg = Release|Any CPU
		{86BDBE66-A060-47F7-8795-6A61FEFC5623}.Release|Any CPU.Build.0 = Release|Any CPU
		{78C7693B-E2ED-491C-AD4D-77D74B825F24}.Debug|Any CPU.ActiveCfg = Debug|Any CPU
		{78C7693B-E2ED-491C-AD4D-77D74B825F24}.Debug|Any CPU.Build.0 = Debug|Any CPU
		{78C7693B-E2ED-491C-AD4D-77D74B825F24}.Release|Any CPU.ActiveCfg = Release|Any CPU
		{78C7693B-E2ED-491C-AD4D-77D74B825F24}.Release|Any CPU.Build.0 = Release|Any CPU
		{4E5F5CD0-5191-419E-96F9-F2C0AFDC72D6}.Debug|Any CPU.ActiveCfg = Debug|Any CPU
		{4E5F5CD0-5191-419E-96F9-F2C0AFDC72D6}.Debug|Any CPU.Build.0 = Debug|Any CPU
		{4E5F5CD0-5191-419E-96F9-F2C0AFDC72D6}.Release|Any CPU.ActiveCfg = Release|Any CPU
		{4E5F5CD0-5191-419E-96F9-F2C0AFDC72D6}.Release|Any CPU.Build.0 = Release|Any CPU
		{3D8E186C-B37B-48B1-8B61-879FE3AEB3C3}.Debug|Any CPU.ActiveCfg = Debug|Any CPU
		{3D8E186C-B37B-48B1-8B61-879FE3AEB3C3}.Debug|Any CPU.Build.0 = Debug|Any CPU
		{3D8E186C-B37B-48B1-8B61-879FE3AEB3C3}.Release|Any CPU.ActiveCfg = Release|Any CPU
		{3D8E186C-B37B-48B1-8B61-879FE3AEB3C3}.Release|Any CPU.Build.0 = Release|Any CPU
	EndGlobalSection
	GlobalSection(SolutionProperties) = preSolution
		HideSolutionNode = FALSE
	EndGlobalSection
EndGlobal
